// !$*UTF8*$!
{
	archiveVersion = 1;
	classes = {
	};
	objectVersion = 56;
	objects = {

/* Begin PBXBuildFile section */
		4668A00C2B5863B500ACE3D7 /* AppDelegate.swift in Sources */ = {isa = PBXBuildFile; fileRef = 4668A00B2B5863B500ACE3D7 /* AppDelegate.swift */; };
		4668A00E2B5863B500ACE3D7 /* SceneDelegate.swift in Sources */ = {isa = PBXBuildFile; fileRef = 4668A00D2B5863B500ACE3D7 /* SceneDelegate.swift */; };
		4668A0102B5863B500ACE3D7 /* ViewController.swift in Sources */ = {isa = PBXBuildFile; fileRef = 4668A00F2B5863B500ACE3D7 /* ViewController.swift */; };
		4668A0132B5863B500ACE3D7 /* Main.storyboard in Resources */ = {isa = PBXBuildFile; fileRef = 4668A0112B5863B500ACE3D7 /* Main.storyboard */; };
		4668A0152B5863B600ACE3D7 /* Assets.xcassets in Resources */ = {isa = PBXBuildFile; fileRef = 4668A0142B5863B600ACE3D7 /* Assets.xcassets */; };
		4668A0182B5863B600ACE3D7 /* LaunchScreen.storyboard in Resources */ = {isa = PBXBuildFile; fileRef = 4668A0162B5863B600ACE3D7 /* LaunchScreen.storyboard */; };
		4668A0232B5863B600ACE3D7 /* DayPlannerTests.swift in Sources */ = {isa = PBXBuildFile; fileRef = 4668A0222B5863B600ACE3D7 /* DayPlannerTests.swift */; };
		4668A02D2B5863B600ACE3D7 /* DayPlannerUITests.swift in Sources */ = {isa = PBXBuildFile; fileRef = 4668A02C2B5863B600ACE3D7 /* DayPlannerUITests.swift */; };
		4668A02F2B5863B600ACE3D7 /* DayPlannerUITestsLaunchTests.swift in Sources */ = {isa = PBXBuildFile; fileRef = 4668A02E2B5863B600ACE3D7 /* DayPlannerUITestsLaunchTests.swift */; };
/* End PBXBuildFile section */

/* Begin PBXContainerItemProxy section */
		4668A01F2B5863B600ACE3D7 /* PBXContainerItemProxy */ = {
			isa = PBXContainerItemProxy;
			containerPortal = 4668A0002B5863B500ACE3D7 /* Project object */;
			proxyType = 1;
			remoteGlobalIDString = 4668A0072B5863B500ACE3D7;
			remoteInfo = DayPlanner;
		};
		4668A0292B5863B600ACE3D7 /* PBXContainerItemProxy */ = {
			isa = PBXContainerItemProxy;
			containerPortal = 4668A0002B5863B500ACE3D7 /* Project object */;
			proxyType = 1;
			remoteGlobalIDString = 4668A0072B5863B500ACE3D7;
			remoteInfo = DayPlanner;
		};
/* End PBXContainerItemProxy section */

/* Begin PBXFileReference section */
		4668A0082B5863B500ACE3D7 /* DayPlanner.app */ = {isa = PBXFileReference; explicitFileType = wrapper.application; includeInIndex = 0; path = DayPlanner.app; sourceTree = BUILT_PRODUCTS_DIR; };
		4668A00B2B5863B500ACE3D7 /* AppDelegate.swift */ = {isa = PBXFileReference; lastKnownFileType = sourcecode.swift; path = AppDelegate.swift; sourceTree = "<group>"; };
		4668A00D2B5863B500ACE3D7 /* SceneDelegate.swift */ = {isa = PBXFileReference; lastKnownFileType = sourcecode.swift; path = SceneDelegate.swift; sourceTree = "<group>"; };
		4668A00F2B5863B500ACE3D7 /* ViewController.swift */ = {isa = PBXFileReference; lastKnownFileType = sourcecode.swift; path = ViewController.swift; sourceTree = "<group>"; };
		4668A0122B5863B500ACE3D7 /* Base */ = {isa = PBXFileReference; lastKnownFileType = file.storyboard; name = Base; path = Base.lproj/Main.storyboard; sourceTree = "<group>"; };
		4668A0142B5863B600ACE3D7 /* Assets.xcassets */ = {isa = PBXFileReference; lastKnownFileType = folder.assetcatalog; path = Assets.xcassets; sourceTree = "<group>"; };
		4668A0172B5863B600ACE3D7 /* Base */ = {isa = PBXFileReference; lastKnownFileType = file.storyboard; name = Base; path = Base.lproj/LaunchScreen.storyboard; sourceTree = "<group>"; };
		4668A0192B5863B600ACE3D7 /* Info.plist */ = {isa = PBXFileReference; lastKnownFileType = text.plist.xml; path = Info.plist; sourceTree = "<group>"; };
		4668A01E2B5863B600ACE3D7 /* DayPlannerTests.xctest */ = {isa = PBXFileReference; explicitFileType = wrapper.cfbundle; includeInIndex = 0; path = DayPlannerTests.xctest; sourceTree = BUILT_PRODUCTS_DIR; };
		4668A0222B5863B600ACE3D7 /* DayPlannerTests.swift */ = {isa = PBXFileReference; lastKnownFileType = sourcecode.swift; path = DayPlannerTests.swift; sourceTree = "<group>"; };
		4668A0282B5863B600ACE3D7 /* DayPlannerUITests.xctest */ = {isa = PBXFileReference; explicitFileType = wrapper.cfbundle; includeInIndex = 0; path = DayPlannerUITests.xctest; sourceTree = BUILT_PRODUCTS_DIR; };
		4668A02C2B5863B600ACE3D7 /* DayPlannerUITests.swift */ = {isa = PBXFileReference; lastKnownFileType = sourcecode.swift; path = DayPlannerUITests.swift; sourceTree = "<group>"; };
		4668A02E2B5863B600ACE3D7 /* DayPlannerUITestsLaunchTests.swift */ = {isa = PBXFileReference; lastKnownFileType = sourcecode.swift; path = DayPlannerUITestsLaunchTests.swift; sourceTree = "<group>"; };
/* End PBXFileReference section */

/* Begin PBXFrameworksBuildPhase section */
		4668A0052B5863B500ACE3D7 /* Frameworks */ = {
			isa = PBXFrameworksBuildPhase;
			buildActionMask = 2147483647;
			files = (
			);
			runOnlyForDeploymentPostprocessing = 0;
		};
		4668A01B2B5863B600ACE3D7 /* Frameworks */ = {
			isa = PBXFrameworksBuildPhase;
			buildActionMask = 2147483647;
			files = (
			);
			runOnlyForDeploymentPostprocessing = 0;
		};
		4668A0252B5863B600ACE3D7 /* Frameworks */ = {
			isa = PBXFrameworksBuildPhase;
			buildActionMask = 2147483647;
			files = (
			);
			runOnlyForDeploymentPostprocessing = 0;
		};
/* End PBXFrameworksBuildPhase section */

/* Begin PBXGroup section */
		46689FFF2B5863B500ACE3D7 = {
			isa = PBXGroup;
			children = (
				4668A00A2B5863B500ACE3D7 /* DayPlanner */,
				4668A0212B5863B600ACE3D7 /* DayPlannerTests */,
				4668A02B2B5863B600ACE3D7 /* DayPlannerUITests */,
				4668A0092B5863B500ACE3D7 /* Products */,
			);
			sourceTree = "<group>";
		};
		4668A0092B5863B500ACE3D7 /* Products */ = {
			isa = PBXGroup;
			children = (
				4668A0082B5863B500ACE3D7 /* DayPlanner.app */,
				4668A01E2B5863B600ACE3D7 /* DayPlannerTests.xctest */,
				4668A0282B5863B600ACE3D7 /* DayPlannerUITests.xctest */,
			);
			name = Products;
			sourceTree = "<group>";
		};
		4668A00A2B5863B500ACE3D7 /* DayPlanner */ = {
			isa = PBXGroup;
			children = (
				4668A00B2B5863B500ACE3D7 /* AppDelegate.swift */,
				4668A00D2B5863B500ACE3D7 /* SceneDelegate.swift */,
				4668A00F2B5863B500ACE3D7 /* ViewController.swift */,
				4668A0112B5863B500ACE3D7 /* Main.storyboard */,
				4668A0142B5863B600ACE3D7 /* Assets.xcassets */,
				4668A0162B5863B600ACE3D7 /* LaunchScreen.storyboard */,
				4668A0192B5863B600ACE3D7 /* Info.plist */,
			);
			path = DayPlanner;
			sourceTree = "<group>";
		};
		4668A0212B5863B600ACE3D7 /* DayPlannerTests */ = {
			isa = PBXGroup;
			children = (
				4668A0222B5863B600ACE3D7 /* DayPlannerTests.swift */,
			);
			path = DayPlannerTests;
			sourceTree = "<group>";
		};
		4668A02B2B5863B600ACE3D7 /* DayPlannerUITests */ = {
			isa = PBXGroup;
			children = (
				4668A02C2B5863B600ACE3D7 /* DayPlannerUITests.swift */,
				4668A02E2B5863B600ACE3D7 /* DayPlannerUITestsLaunchTests.swift */,
			);
			path = DayPlannerUITests;
			sourceTree = "<group>";
		};
/* End PBXGroup section */

/* Begin PBXNativeTarget section */
		4668A0072B5863B500ACE3D7 /* DayPlanner */ = {
			isa = PBXNativeTarget;
			buildConfigurationList = 4668A0322B5863B600ACE3D7 /* Build configuration list for PBXNativeTarget "DayPlanner" */;
			buildPhases = (
				4668A0042B5863B500ACE3D7 /* Sources */,
				4668A0052B5863B500ACE3D7 /* Frameworks */,
				4668A0062B5863B500ACE3D7 /* Resources */,
			);
			buildRules = (
			);
			dependencies = (
			);
			name = DayPlanner;
			productName = DayPlanner;
			productReference = 4668A0082B5863B500ACE3D7 /* DayPlanner.app */;
			productType = "com.apple.product-type.application";
		};
		4668A01D2B5863B600ACE3D7 /* DayPlannerTests */ = {
			isa = PBXNativeTarget;
			buildConfigurationList = 4668A0352B5863B600ACE3D7 /* Build configuration list for PBXNativeTarget "DayPlannerTests" */;
			buildPhases = (
				4668A01A2B5863B600ACE3D7 /* Sources */,
				4668A01B2B5863B600ACE3D7 /* Frameworks */,
				4668A01C2B5863B600ACE3D7 /* Resources */,
			);
			buildRules = (
			);
			dependencies = (
				4668A0202B5863B600ACE3D7 /* PBXTargetDependency */,
			);
			name = DayPlannerTests;
			productName = DayPlannerTests;
			productReference = 4668A01E2B5863B600ACE3D7 /* DayPlannerTests.xctest */;
			productType = "com.apple.product-type.bundle.unit-test";
		};
		4668A0272B5863B600ACE3D7 /* DayPlannerUITests */ = {
			isa = PBXNativeTarget;
			buildConfigurationList = 4668A0382B5863B600ACE3D7 /* Build configuration list for PBXNativeTarget "DayPlannerUITests" */;
			buildPhases = (
				4668A0242B5863B600ACE3D7 /* Sources */,
				4668A0252B5863B600ACE3D7 /* Frameworks */,
				4668A0262B5863B600ACE3D7 /* Resources */,
			);
			buildRules = (
			);
			dependencies = (
				4668A02A2B5863B600ACE3D7 /* PBXTargetDependency */,
			);
			name = DayPlannerUITests;
			productName = DayPlannerUITests;
			productReference = 4668A0282B5863B600ACE3D7 /* DayPlannerUITests.xctest */;
			productType = "com.apple.product-type.bundle.ui-testing";
		};
/* End PBXNativeTarget section */

/* Begin PBXProject section */
		4668A0002B5863B500ACE3D7 /* Project object */ = {
			isa = PBXProject;
			attributes = {
				BuildIndependentTargetsInParallel = 1;
				LastSwiftUpdateCheck = 1520;
				LastUpgradeCheck = 1520;
				TargetAttributes = {
					4668A0072B5863B500ACE3D7 = {
						CreatedOnToolsVersion = 15.2;
					};
					4668A01D2B5863B600ACE3D7 = {
						CreatedOnToolsVersion = 15.2;
						TestTargetID = 4668A0072B5863B500ACE3D7;
					};
					4668A0272B5863B600ACE3D7 = {
						CreatedOnToolsVersion = 15.2;
						TestTargetID = 4668A0072B5863B500ACE3D7;
					};
				};
			};
			buildConfigurationList = 4668A0032B5863B500ACE3D7 /* Build configuration list for PBXProject "DayPlanner" */;
			compatibilityVersion = "Xcode 14.0";
			developmentRegion = en;
			hasScannedForEncodings = 0;
			knownRegions = (
				en,
				Base,
			);
			mainGroup = 46689FFF2B5863B500ACE3D7;
			productRefGroup = 4668A0092B5863B500ACE3D7 /* Products */;
			projectDirPath = "";
			projectRoot = "";
			targets = (
				4668A0072B5863B500ACE3D7 /* DayPlanner */,
				4668A01D2B5863B600ACE3D7 /* DayPlannerTests */,
				4668A0272B5863B600ACE3D7 /* DayPlannerUITests */,
			);
		};
/* End PBXProject section */

/* Begin PBXResourcesBuildPhase section */
		4668A0062B5863B500ACE3D7 /* Resources */ = {
			isa = PBXResourcesBuildPhase;
			buildActionMask = 2147483647;
			files = (
				4668A0182B5863B600ACE3D7 /* LaunchScreen.storyboard in Resources */,
				4668A0152B5863B600ACE3D7 /* Assets.xcassets in Resources */,
				4668A0132B5863B500ACE3D7 /* Main.storyboard in Resources */,
			);
			runOnlyForDeploymentPostprocessing = 0;
		};
		4668A01C2B5863B600ACE3D7 /* Resources */ = {
			isa = PBXResourcesBuildPhase;
			buildActionMask = 2147483647;
			files = (
			);
			runOnlyForDeploymentPostprocessing = 0;
		};
		4668A0262B5863B600ACE3D7 /* Resources */ = {
			isa = PBXResourcesBuildPhase;
			buildActionMask = 2147483647;
			files = (
			);
			runOnlyForDeploymentPostprocessing = 0;
		};
/* End PBXResourcesBuildPhase section */

/* Begin PBXSourcesBuildPhase section */
		4668A0042B5863B500ACE3D7 /* Sources */ = {
			isa = PBXSourcesBuildPhase;
			buildActionMask = 2147483647;
			files = (
				4668A0102B5863B500ACE3D7 /* ViewController.swift in Sources */,
				4668A00C2B5863B500ACE3D7 /* AppDelegate.swift in Sources */,
				4668A00E2B5863B500ACE3D7 /* SceneDelegate.swift in Sources */,
			);
			runOnlyForDeploymentPostprocessing = 0;
		};
		4668A01A2B5863B600ACE3D7 /* Sources */ = {
			isa = PBXSourcesBuildPhase;
			buildActionMask = 2147483647;
			files = (
				4668A0232B5863B600ACE3D7 /* DayPlannerTests.swift in Sources */,
			);
			runOnlyForDeploymentPostprocessing = 0;
		};
		4668A0242B5863B600ACE3D7 /* Sources */ = {
			isa = PBXSourcesBuildPhase;
			buildActionMask = 2147483647;
			files = (
				4668A02F2B5863B600ACE3D7 /* DayPlannerUITestsLaunchTests.swift in Sources */,
				4668A02D2B5863B600ACE3D7 /* DayPlannerUITests.swift in Sources */,
			);
			runOnlyForDeploymentPostprocessing = 0;
		};
/* End PBXSourcesBuildPhase section */

/* Begin PBXTargetDependency section */
		4668A0202B5863B600ACE3D7 /* PBXTargetDependency */ = {
			isa = PBXTargetDependency;
			target = 4668A0072B5863B500ACE3D7 /* DayPlanner */;
			targetProxy = 4668A01F2B5863B600ACE3D7 /* PBXContainerItemProxy */;
		};
		4668A02A2B5863B600ACE3D7 /* PBXTargetDependency */ = {
			isa = PBXTargetDependency;
			target = 4668A0072B5863B500ACE3D7 /* DayPlanner */;
			targetProxy = 4668A0292B5863B600ACE3D7 /* PBXContainerItemProxy */;
		};
/* End PBXTargetDependency section */

/* Begin PBXVariantGroup section */
		4668A0112B5863B500ACE3D7 /* Main.storyboard */ = {
			isa = PBXVariantGroup;
			children = (
				4668A0122B5863B500ACE3D7 /* Base */,
			);
			name = Main.storyboard;
			sourceTree = "<group>";
		};
		4668A0162B5863B600ACE3D7 /* LaunchScreen.storyboard */ = {
			isa = PBXVariantGroup;
			children = (
				4668A0172B5863B600ACE3D7 /* Base */,
			);
			name = LaunchScreen.storyboard;
			sourceTree = "<group>";
		};
/* End PBXVariantGroup section */

/* Begin XCBuildConfiguration section */
		4668A0302B5863B600ACE3D7 /* Debug */ = {
			isa = XCBuildConfiguration;
			buildSettings = {
				ALWAYS_SEARCH_USER_PATHS = NO;
				ASSETCATALOG_COMPILER_GENERATE_SWIFT_ASSET_SYMBOL_EXTENSIONS = YES;
				CLANG_ANALYZER_NONNULL = YES;
				CLANG_ANALYZER_NUMBER_OBJECT_CONVERSION = YES_AGGRESSIVE;
				CLANG_CXX_LANGUAGE_STANDARD = "gnu++20";
				CLANG_ENABLE_MODULES = YES;
				CLANG_ENABLE_OBJC_ARC = YES;
				CLANG_ENABLE_OBJC_WEAK = YES;
				CLANG_WARN_BLOCK_CAPTURE_AUTORELEASING = YES;
				CLANG_WARN_BOOL_CONVERSION = YES;
				CLANG_WARN_COMMA = YES;
				CLANG_WARN_CONSTANT_CONVERSION = YES;
				CLANG_WARN_DEPRECATED_OBJC_IMPLEMENTATIONS = YES;
				CLANG_WARN_DIRECT_OBJC_ISA_USAGE = YES_ERROR;
				CLANG_WARN_DOCUMENTATION_COMMENTS = YES;
				CLANG_WARN_EMPTY_BODY = YES;
				CLANG_WARN_ENUM_CONVERSION = YES;
				CLANG_WARN_INFINITE_RECURSION = YES;
				CLANG_WARN_INT_CONVERSION = YES;
				CLANG_WARN_NON_LITERAL_NULL_CONVERSION = YES;
				CLANG_WARN_OBJC_IMPLICIT_RETAIN_SELF = YES;
				CLANG_WARN_OBJC_LITERAL_CONVERSION = YES;
				CLANG_WARN_OBJC_ROOT_CLASS = YES_ERROR;
				CLANG_WARN_QUOTED_INCLUDE_IN_FRAMEWORK_HEADER = YES;
				CLANG_WARN_RANGE_LOOP_ANALYSIS = YES;
				CLANG_WARN_STRICT_PROTOTYPES = YES;
				CLANG_WARN_SUSPICIOUS_MOVE = YES;
				CLANG_WARN_UNGUARDED_AVAILABILITY = YES_AGGRESSIVE;
				CLANG_WARN_UNREACHABLE_CODE = YES;
				CLANG_WARN__DUPLICATE_METHOD_MATCH = YES;
				COPY_PHASE_STRIP = NO;
				DEBUG_INFORMATION_FORMAT = dwarf;
				ENABLE_STRICT_OBJC_MSGSEND = YES;
				ENABLE_TESTABILITY = YES;
				ENABLE_USER_SCRIPT_SANDBOXING = YES;
				GCC_C_LANGUAGE_STANDARD = gnu17;
				GCC_DYNAMIC_NO_PIC = NO;
				GCC_NO_COMMON_BLOCKS = YES;
				GCC_OPTIMIZATION_LEVEL = 0;
				GCC_PREPROCESSOR_DEFINITIONS = (
					"DEBUG=1",
					"$(inherited)",
				);
				GCC_WARN_64_TO_32_BIT_CONVERSION = YES;
				GCC_WARN_ABOUT_RETURN_TYPE = YES_ERROR;
				GCC_WARN_UNDECLARED_SELECTOR = YES;
				GCC_WARN_UNINITIALIZED_AUTOS = YES_AGGRESSIVE;
				GCC_WARN_UNUSED_FUNCTION = YES;
				GCC_WARN_UNUSED_VARIABLE = YES;
				IPHONEOS_DEPLOYMENT_TARGET = 17.2;
				LOCALIZATION_PREFERS_STRING_CATALOGS = YES;
				MTL_ENABLE_DEBUG_INFO = INCLUDE_SOURCE;
				MTL_FAST_MATH = YES;
				ONLY_ACTIVE_ARCH = YES;
				SDKROOT = iphoneos;
				SWIFT_ACTIVE_COMPILATION_CONDITIONS = "DEBUG $(inherited)";
				SWIFT_OPTIMIZATION_LEVEL = "-Onone";
			};
			name = Debug;
		};
		4668A0312B5863B600ACE3D7 /* Release */ = {
			isa = XCBuildConfiguration;
			buildSettings = {
				ALWAYS_SEARCH_USER_PATHS = NO;
				ASSETCATALOG_COMPILER_GENERATE_SWIFT_ASSET_SYMBOL_EXTENSIONS = YES;
				CLANG_ANALYZER_NONNULL = YES;
				CLANG_ANALYZER_NUMBER_OBJECT_CONVERSION = YES_AGGRESSIVE;
				CLANG_CXX_LANGUAGE_STANDARD = "gnu++20";
				CLANG_ENABLE_MODULES = YES;
				CLANG_ENABLE_OBJC_ARC = YES;
				CLANG_ENABLE_OBJC_WEAK = YES;
				CLANG_WARN_BLOCK_CAPTURE_AUTORELEASING = YES;
				CLANG_WARN_BOOL_CONVERSION = YES;
				CLANG_WARN_COMMA = YES;
				CLANG_WARN_CONSTANT_CONVERSION = YES;
				CLANG_WARN_DEPRECATED_OBJC_IMPLEMENTATIONS = YES;
				CLANG_WARN_DIRECT_OBJC_ISA_USAGE = YES_ERROR;
				CLANG_WARN_DOCUMENTATION_COMMENTS = YES;
				CLANG_WARN_EMPTY_BODY = YES;
				CLANG_WARN_ENUM_CONVERSION = YES;
				CLANG_WARN_INFINITE_RECURSION = YES;
				CLANG_WARN_INT_CONVERSION = YES;
				CLANG_WARN_NON_LITERAL_NULL_CONVERSION = YES;
				CLANG_WARN_OBJC_IMPLICIT_RETAIN_SELF = YES;
				CLANG_WARN_OBJC_LITERAL_CONVERSION = YES;
				CLANG_WARN_OBJC_ROOT_CLASS = YES_ERROR;
				CLANG_WARN_QUOTED_INCLUDE_IN_FRAMEWORK_HEADER = YES;
				CLANG_WARN_RANGE_LOOP_ANALYSIS = YES;
				CLANG_WARN_STRICT_PROTOTYPES = YES;
				CLANG_WARN_SUSPICIOUS_MOVE = YES;
				CLANG_WARN_UNGUARDED_AVAILABILITY = YES_AGGRESSIVE;
				CLANG_WARN_UNREACHABLE_CODE = YES;
				CLANG_WARN__DUPLICATE_METHOD_MATCH = YES;
				COPY_PHASE_STRIP = NO;
				DEBUG_INFORMATION_FORMAT = "dwarf-with-dsym";
				ENABLE_NS_ASSERTIONS = NO;
				ENABLE_STRICT_OBJC_MSGSEND = YES;
				ENABLE_USER_SCRIPT_SANDBOXING = YES;
				GCC_C_LANGUAGE_STANDARD = gnu17;
				GCC_NO_COMMON_BLOCKS = YES;
				GCC_WARN_64_TO_32_BIT_CONVERSION = YES;
				GCC_WARN_ABOUT_RETURN_TYPE = YES_ERROR;
				GCC_WARN_UNDECLARED_SELECTOR = YES;
				GCC_WARN_UNINITIALIZED_AUTOS = YES_AGGRESSIVE;
				GCC_WARN_UNUSED_FUNCTION = YES;
				GCC_WARN_UNUSED_VARIABLE = YES;
				IPHONEOS_DEPLOYMENT_TARGET = 17.2;
				LOCALIZATION_PREFERS_STRING_CATALOGS = YES;
				MTL_ENABLE_DEBUG_INFO = NO;
				MTL_FAST_MATH = YES;
				SDKROOT = iphoneos;
				SWIFT_COMPILATION_MODE = wholemodule;
				VALIDATE_PRODUCT = YES;
			};
			name = Release;
		};
		4668A0332B5863B600ACE3D7 /* Debug */ = {
			isa = XCBuildConfiguration;
			buildSettings = {
				ASSETCATALOG_COMPILER_APPICON_NAME = AppIcon;
				ASSETCATALOG_COMPILER_GLOBAL_ACCENT_COLOR_NAME = AccentColor;
				CODE_SIGN_STYLE = Automatic;
				CURRENT_PROJECT_VERSION = 1;
				DEVELOPMENT_TEAM = GJ4V49NUJG;
				GENERATE_INFOPLIST_FILE = YES;
				INFOPLIST_FILE = DayPlanner/Info.plist;
				INFOPLIST_KEY_UIApplicationSupportsIndirectInputEvents = YES;
				INFOPLIST_KEY_UILaunchStoryboardName = LaunchScreen;
				INFOPLIST_KEY_UIMainStoryboardFile = Main;
				INFOPLIST_KEY_UISupportedInterfaceOrientations_iPad = "UIInterfaceOrientationPortrait UIInterfaceOrientationPortraitUpsideDown UIInterfaceOrientationLandscapeLeft UIInterfaceOrientationLandscapeRight";
				INFOPLIST_KEY_UISupportedInterfaceOrientations_iPhone = "UIInterfaceOrientationPortrait UIInterfaceOrientationLandscapeLeft UIInterfaceOrientationLandscapeRight";
				LD_RUNPATH_SEARCH_PATHS = (
					"$(inherited)",
					"@executable_path/Frameworks",
				);
				MARKETING_VERSION = 1.0;
				PRODUCT_BUNDLE_IDENTIFIER = com.maladetska.DayPlanner;
				PRODUCT_NAME = "$(TARGET_NAME)";
				SWIFT_EMIT_LOC_STRINGS = YES;
				SWIFT_VERSION = 5.0;
				TARGETED_DEVICE_FAMILY = "1,2";
			};
			name = Debug;
		};
		4668A0342B5863B600ACE3D7 /* Release */ = {
			isa = XCBuildConfiguration;
			buildSettings = {
				ASSETCATALOG_COMPILER_APPICON_NAME = AppIcon;
				ASSETCATALOG_COMPILER_GLOBAL_ACCENT_COLOR_NAME = AccentColor;
				CODE_SIGN_STYLE = Automatic;
				CURRENT_PROJECT_VERSION = 1;
				DEVELOPMENT_TEAM = GJ4V49NUJG;
				GENERATE_INFOPLIST_FILE = YES;
				INFOPLIST_FILE = DayPlanner/Info.plist;
				INFOPLIST_KEY_UIApplicationSupportsIndirectInputEvents = YES;
				INFOPLIST_KEY_UILaunchStoryboardName = LaunchScreen;
				INFOPLIST_KEY_UIMainStoryboardFile = Main;
				INFOPLIST_KEY_UISupportedInterfaceOrientations_iPad = "UIInterfaceOrientationPortrait UIInterfaceOrientationPortraitUpsideDown UIInterfaceOrientationLandscapeLeft UIInterfaceOrientationLandscapeRight";
				INFOPLIST_KEY_UISupportedInterfaceOrientations_iPhone = "UIInterfaceOrientationPortrait UIInterfaceOrientationLandscapeLeft UIInterfaceOrientationLandscapeRight";
				LD_RUNPATH_SEARCH_PATHS = (
					"$(inherited)",
					"@executable_path/Frameworks",
				);
				MARKETING_VERSION = 1.0;
				PRODUCT_BUNDLE_IDENTIFIER = com.maladetska.DayPlanner;
				PRODUCT_NAME = "$(TARGET_NAME)";
				SWIFT_EMIT_LOC_STRINGS = YES;
				SWIFT_VERSION = 5.0;
				TARGETED_DEVICE_FAMILY = "1,2";
			};
			name = Release;
		};
		4668A0362B5863B600ACE3D7 /* Debug */ = {
			isa = XCBuildConfiguration;
			buildSettings = {
				ALWAYS_EMBED_SWIFT_STANDARD_LIBRARIES = YES;
				BUNDLE_LOADER = "$(TEST_HOST)";
				CODE_SIGN_STYLE = Automatic;
				CURRENT_PROJECT_VERSION = 1;
				DEVELOPMENT_TEAM = GJ4V49NUJG;
				GENERATE_INFOPLIST_FILE = YES;
				IPHONEOS_DEPLOYMENT_TARGET = 17.2;
				MARKETING_VERSION = 1.0;
				PRODUCT_BUNDLE_IDENTIFIER = com.maladetska.DayPlannerTests;
				PRODUCT_NAME = "$(TARGET_NAME)";
				SWIFT_EMIT_LOC_STRINGS = NO;
				SWIFT_VERSION = 5.0;
				TARGETED_DEVICE_FAMILY = "1,2";
				TEST_HOST = "$(BUILT_PRODUCTS_DIR)/DayPlanner.app/$(BUNDLE_EXECUTABLE_FOLDER_PATH)/DayPlanner";
			};
			name = Debug;
		};
		4668A0372B5863B600ACE3D7 /* Release */ = {
			isa = XCBuildConfiguration;
			buildSettings = {
				ALWAYS_EMBED_SWIFT_STANDARD_LIBRARIES = YES;
				BUNDLE_LOADER = "$(TEST_HOST)";
				CODE_SIGN_STYLE = Automatic;
				CURRENT_PROJECT_VERSION = 1;
				DEVELOPMENT_TEAM = GJ4V49NUJG;
				GENERATE_INFOPLIST_FILE = YES;
				IPHONEOS_DEPLOYMENT_TARGET = 17.2;
				MARKETING_VERSION = 1.0;
				PRODUCT_BUNDLE_IDENTIFIER = com.maladetska.DayPlannerTests;
				PRODUCT_NAME = "$(TARGET_NAME)";
				SWIFT_EMIT_LOC_STRINGS = NO;
				SWIFT_VERSION = 5.0;
				TARGETED_DEVICE_FAMILY = "1,2";
				TEST_HOST = "$(BUILT_PRODUCTS_DIR)/DayPlanner.app/$(BUNDLE_EXECUTABLE_FOLDER_PATH)/DayPlanner";
			};
			name = Release;
		};
		4668A0392B5863B600ACE3D7 /* Debug */ = {
			isa = XCBuildConfiguration;
			buildSettings = {
				ALWAYS_EMBED_SWIFT_STANDARD_LIBRARIES = YES;
				CODE_SIGN_STYLE = Automatic;
				CURRENT_PROJECT_VERSION = 1;
				DEVELOPMENT_TEAM = GJ4V49NUJG;
				GENERATE_INFOPLIST_FILE = YES;
				MARKETING_VERSION = 1.0;
				PRODUCT_BUNDLE_IDENTIFIER = com.maladetska.DayPlannerUITests;
				PRODUCT_NAME = "$(TARGET_NAME)";
				SWIFT_EMIT_LOC_STRINGS = NO;
				SWIFT_VERSION = 5.0;
				TARGETED_DEVICE_FAMILY = "1,2";
				TEST_TARGET_NAME = DayPlanner;
			};
			name = Debug;
		};
		4668A03A2B5863B600ACE3D7 /* Release */ = {
			isa = XCBuildConfiguration;
			buildSettings = {
				ALWAYS_EMBED_SWIFT_STANDARD_LIBRARIES = YES;
				CODE_SIGN_STYLE = Automatic;
				CURRENT_PROJECT_VERSION = 1;
				DEVELOPMENT_TEAM = GJ4V49NUJG;
				GENERATE_INFOPLIST_FILE = YES;
				MARKETING_VERSION = 1.0;
				PRODUCT_BUNDLE_IDENTIFIER = com.maladetska.DayPlannerUITests;
				PRODUCT_NAME = "$(TARGET_NAME)";
				SWIFT_EMIT_LOC_STRINGS = NO;
				SWIFT_VERSION = 5.0;
				TARGETED_DEVICE_FAMILY = "1,2";
				TEST_TARGET_NAME = DayPlanner;
			};
			name = Release;
		};
/* End XCBuildConfiguration section */

/* Begin XCConfigurationList section */
		4668A0032B5863B500ACE3D7 /* Build configuration list for PBXProject "DayPlanner" */ = {
			isa = XCConfigurationList;
			buildConfigurations = (
				4668A0302B5863B600ACE3D7 /* Debug */,
				4668A0312B5863B600ACE3D7 /* Release */,
			);
			defaultConfigurationIsVisible = 0;
			defaultConfigurationName = Release;
		};
		4668A0322B5863B600ACE3D7 /* Build configuration list for PBXNativeTarget "DayPlanner" */ = {
			isa = XCConfigurationList;
			buildConfigurations = (
				4668A0332B5863B600ACE3D7 /* Debug */,
				4668A0342B5863B600ACE3D7 /* Release */,
			);
			defaultConfigurationIsVisible = 0;
			defaultConfigurationName = Release;
		};
		4668A0352B5863B600ACE3D7 /* Build configuration list for PBXNativeTarget "DayPlannerTests" */ = {
			isa = XCConfigurationList;
			buildConfigurations = (
				4668A0362B5863B600ACE3D7 /* Debug */,
				4668A0372B5863B600ACE3D7 /* Release */,
			);
			defaultConfigurationIsVisible = 0;
			defaultConfigurationName = Release;
		};
		4668A0382B5863B600ACE3D7 /* Build configuration list for PBXNativeTarget "DayPlannerUITests" */ = {
			isa = XCConfigurationList;
			buildConfigurations = (
				4668A0392B5863B600ACE3D7 /* Debug */,
				4668A03A2B5863B600ACE3D7 /* Release */,
			);
			defaultConfigurationIsVisible = 0;
			defaultConfigurationName = Release;
		};
/* End XCConfigurationList section */
	};
	rootObject = 4668A0002B5863B500ACE3D7 /* Project object */;
}
